
Microsoft Visual Studio Solution File, Format Version 12.00
# Visual Studio Version 16
VisualStudioVersion = 16.0.31005.135
MinimumVisualStudioVersion = 10.0.40219.1
Project("{FAE04EC0-301F-11D3-BF4B-00C04F79EFBC}") = "Датчик", "Датчик.csproj", "{6E6DBB5B-663A-4868-9287-4CE2A05F36CE}"
EndProject
Global
	GlobalSection(SolutionConfigurationPlatforms) = preSolution
		Debug|Any CPU = Debug|Any CPU
		Release|Any CPU = Release|Any CPU
	EndGlobalSection
	GlobalSection(ProjectConfigurationPlatforms) = postSolution
		{6E6DBB5B-663A-4868-9287-4CE2A05F36CE}.Debug|Any CPU.ActiveCfg = Debug|Any CPU
		{6E6DBB5B-663A-4868-9287-4CE2A05F36CE}.Debug|Any CPU.Build.0 = Debug|Any CPU
		{6E6DBB5B-663A-4868-9287-4CE2A05F36CE}.Release|Any CPU.ActiveCfg = Release|Any CPU
		{6E6DBB5B-663A-4868-9287-4CE2A05F36CE}.Release|Any CPU.Build.0 = Release|Any CPU
	EndGlobalSection
	GlobalSection(SolutionProperties) = preSolution
		HideSolutionNode = FALSE
	EndGlobalSection
	GlobalSection(ExtensibilityGlobals) = postSolution
		SolutionGuid = {37F21E87-650B-4998-8B17-7381BDEAAEC7}
	EndGlobalSection
EndGlobal
